
Microsoft Visual Studio Solution File, Format Version 12.00
# Visual Studio 15
Project("{FAE04EC0-301F-11D3-BF4B-00C04F79EFBC}") = "HelloWorld", "HelloWorld.csproj", "{E45A170D-DCCE-4D67-A7A0-990D20937ADA}"
EndProject
Global
	GlobalSection(SolutionConfigurationPlatforms) = preSolution
		Debug|Any CPU = Debug|Any CPU
		Release|Any CPU = Release|Any CPU
	EndGlobalSection
	GlobalSection(ProjectConfigurationPlatforms) = postSolution
		{E45A170D-DCCE-4D67-A7A0-990D20937ADA}.Debug|Any CPU.ActiveCfg = Debug|Any CPU
		{E45A170D-DCCE-4D67-A7A0-990D20937ADA}.Debug|Any CPU.Build.0 = Debug|Any CPU
		{E45A170D-DCCE-4D67-A7A0-990D20937ADA}.Release|Any CPU.ActiveCfg = Release|Any CPU
		{E45A170D-DCCE-4D67-A7A0-990D20937ADA}.Release|Any CPU.Build.0 = Release|Any CPU
	EndGlobalSection
EndGlobal
